
Microsoft Visual Studio Solution File, Format Version 12.00
# Visual Studio Version 17
VisualStudioVersion = 17.7.34221.43
MinimumVisualStudioVersion = 10.0.40219.1
Project("{FAE04EC0-301F-11D3-BF4B-00C04F79EFBC}") = "Moodle Oppgave Løkker", "Moodle Oppgave Løkker\Moodle Oppgave Løkker.csproj", "{D86A9EA2-1ACA-4E95-8C98-BC8F3E155805}"
EndProject
Global
	GlobalSection(SolutionConfigurationPlatforms) = preSolution
		Debug|Any CPU = Debug|Any CPU
		Release|Any CPU = Release|Any CPU
	EndGlobalSection
	GlobalSection(ProjectConfigurationPlatforms) = postSolution
		{D86A9EA2-1ACA-4E95-8C98-BC8F3E155805}.Debug|Any CPU.ActiveCfg = Debug|Any CPU
		{D86A9EA2-1ACA-4E95-8C98-BC8F3E155805}.Debug|Any CPU.Build.0 = Debug|Any CPU
		{D86A9EA2-1ACA-4E95-8C98-BC8F3E155805}.Release|Any CPU.ActiveCfg = Release|Any CPU
		{D86A9EA2-1ACA-4E95-8C98-BC8F3E155805}.Release|Any CPU.Build.0 = Release|Any CPU
	EndGlobalSection
	GlobalSection(SolutionProperties) = preSolution
		HideSolutionNode = FALSE
	EndGlobalSection
	GlobalSection(ExtensibilityGlobals) = postSolution
		SolutionGuid = {B4D77398-6087-490D-8448-2F0D36CB374E}
	EndGlobalSection
EndGlobal
